<?xml version="1.0" encoding="utf-8"?>
<Project ToolsVersion="4.0" xmlns="http://schemas.microsoft.com/developer/msbuild/2003">
  <ItemGroup>
    <Filter Include="build">
      <UniqueIdentifier>{f850f173-c382-4088-8f18-aba0c8617bb5}</UniqueIdentifier>
    </Filter>
    <Filter Include="delegate">
      <UniqueIdentifier>{356fa96f-027d-457f-85d8-16ef5df8d35e}</UniqueIdentifier>
    </Filter>
    <Filter Include="base">
      <UniqueIdentifier>{f065d86a-b359-42f5-a4fd-33e9e4aa143c}</UniqueIdentifier>
    </Filter>
    <Filter Include="render">
      <UniqueIdentifier>{2a8ca82f-2a50-46d3-a7d6-3680fa36c7b4}</UniqueIdentifier>
    </Filter>
    <Filter Include="layout">
      <UniqueIdentifier>{4be0d5c6-6801-4ede-b8f1-a2c957b40b85}</UniqueIdentifier>
    </Filter>
    <Filter Include="base\geom">
      <UniqueIdentifier>{bd006714-d31c-403d-99a8-66f129604d8a}</UniqueIdentifier>
    </Filter>
    <Filter Include="property">
      <UniqueIdentifier>{75a3af48-d317-42be-b3a8-f3e6820881d6}</UniqueIdentifier>
    </Filter>
    <Filter Include="framework">
      <UniqueIdentifier>{4f0d3477-f91a-4172-b2aa-a06eccf6e53a}</UniqueIdentifier>
    </Filter>
    <Filter Include="render\d2d">
      <UniqueIdentifier>{30638bd8-2963-49ec-82bb-c3789c321460}</UniqueIdentifier>
    </Filter>
  </ItemGroup>
  <ItemGroup>
    <Text Include="ReadMe.txt" />
  </ItemGroup>
  <ItemGroup>
    <ClInclude Include="stdafx.h">
      <Filter>build</Filter>
    </ClInclude>
    <ClInclude Include="targetver.h">
      <Filter>build</Filter>
    </ClInclude>
    <ClInclude Include="Base\Geom\matrix.h">
      <Filter>base\geom</Filter>
    </ClInclude>
    <ClInclude Include="Base\Geom\point.h">
      <Filter>base\geom</Filter>
    </ClInclude>
    <ClInclude Include="Base\Geom\range.h">
      <Filter>base\geom</Filter>
    </ClInclude>
    <ClInclude Include="Base\Geom\rect.h">
      <Filter>base\geom</Filter>
    </ClInclude>
    <ClInclude Include="Base\Geom\size.h">
      <Filter>base\geom</Filter>
    </ClInclude>
    <ClInclude Include="Base\base_defines.h">
      <Filter>base</Filter>
    </ClInclude>
    <ClInclude Include="Base\basictypes.h">
      <Filter>base</Filter>
    </ClInclude>
    <ClInclude Include="Base\color.h">
      <Filter>base</Filter>
    </ClInclude>
    <ClInclude Include="Base\ptr.h">
      <Filter>base</Filter>
    </ClInclude>
    <ClInclude Include="Base\ref.h">
      <Filter>base</Filter>
    </ClInclude>
    <ClInclude Include="Delegate\Delegate.h">
      <Filter>delegate</Filter>
    </ClInclude>
    <ClInclude Include="Delegate\Delegate_NoParams.h">
      <Filter>delegate</Filter>
    </ClInclude>
    <ClInclude Include="Delegate\Delegate_OneParam.h">
      <Filter>delegate</Filter>
    </ClInclude>
    <ClInclude Include="Delegate\Delegate_TwoParams.h">
      <Filter>delegate</Filter>
    </ClInclude>
    <ClInclude Include="Delegate\DelegateBase.h">
      <Filter>delegate</Filter>
    </ClInclude>
    <ClInclude Include="Base\object.h">
      <Filter>base</Filter>
    </ClInclude>
    <ClInclude Include="Property\PropertyValue.h">
      <Filter>property</Filter>
    </ClInclude>
    <ClInclude Include="Base\utils.h">
      <Filter>base</Filter>
    </ClInclude>
    <ClInclude Include="Layout\LayoutObject.h">
      <Filter>layout</Filter>
    </ClInclude>
    <ClInclude Include="Render\RenderObject.h">
      <Filter>render</Filter>
    </ClInclude>
    <ClInclude Include="Property\PropertyObject.h">
      <Filter>property</Filter>
    </ClInclude>
    <ClInclude Include="Framework\Application.h">
      <Filter>framework</Filter>
    </ClInclude>
    <ClInclude Include="LibUI.h" />
    <ClInclude Include="Property\UIWindow.h">
      <Filter>property</Filter>
    </ClInclude>
    <ClInclude Include="Property\PropertySize.h">
      <Filter>property</Filter>
    </ClInclude>
    <ClInclude Include="Render\RenderManager.h">
      <Filter>render</Filter>
    </ClInclude>
    <ClInclude Include="Render\RenderWindow.h">
      <Filter>render</Filter>
    </ClInclude>
    <ClInclude Include="Layout\LayoutManager.h">
      <Filter>layout</Filter>
    </ClInclude>
    <ClInclude Include="Property\UIObject.h">
      <Filter>property</Filter>
    </ClInclude>
    <ClInclude Include="Layout\LayoutContainer.h">
      <Filter>layout</Filter>
    </ClInclude>
    <ClInclude Include="Render\RenderEngine.h">
      <Filter>render</Filter>
    </ClInclude>
    <ClInclude Include="Render\RenderContext.h">
      <Filter>render</Filter>
    </ClInclude>
    <ClInclude Include="Render\RenderEngineD2D.h">
      <Filter>render\d2d</Filter>
    </ClInclude>
    <ClInclude Include="Render\RenderContextD2D.h">
      <Filter>render\d2d</Filter>
    </ClInclude>
    <ClInclude Include="Render\RenderRectangle.h">
      <Filter>render</Filter>
    </ClInclude>
    <ClInclude Include="Render\RenderD2DUtils.h">
      <Filter>render\d2d</Filter>
    </ClInclude>
    <ClInclude Include="Render\RenderRectangleD2D.h">
      <Filter>render\d2d</Filter>
    </ClInclude>
    <ClInclude Include="Layout\RelativeLayoutChild.h">
      <Filter>layout</Filter>
    </ClInclude>
    <ClInclude Include="Layout\RelativeLayoutContainer.h">
      <Filter>layout</Filter>
    </ClInclude>
    <ClInclude Include="Render\RenderObjectD2D.h">
      <Filter>render\d2d</Filter>
    </ClInclude>
    <ClInclude Include="Render\RenderPath.h">
      <Filter>render</Filter>
    </ClInclude>
    <ClInclude Include="Property\UIPrototype.h">
      <Filter>property</Filter>
    </ClInclude>
    <ClInclude Include="Property\PropertyLengthValue.h">
      <Filter>property</Filter>
    </ClInclude>
    <ClInclude Include="Layout\LayoutChild.h">
      <Filter>layout</Filter>
    </ClInclude>
  </ItemGroup>
  <ItemGroup>
    <ClCompile Include="stdafx.cpp">
      <Filter>build</Filter>
    </ClCompile>
    <ClCompile Include="Base\Geom\matrix.cpp">
      <Filter>base\geom</Filter>
    </ClCompile>
    <ClCompile Include="Base\Geom\point.cpp">
      <Filter>base\geom</Filter>
    </ClCompile>
    <ClCompile Include="Base\Geom\range.cpp">
      <Filter>base\geom</Filter>
    </ClCompile>
    <ClCompile Include="Base\Geom\rect.cpp">
      <Filter>base\geom</Filter>
    </ClCompile>
    <ClCompile Include="Base\Geom\size.cpp">
      <Filter>base\geom</Filter>
    </ClCompile>
    <ClCompile Include="Base\color.cpp">
      <Filter>base</Filter>
    </ClCompile>
    <ClCompile Include="Delegate\DelegateBase.cpp">
      <Filter>delegate</Filter>
    </ClCompile>
    <ClCompile Include="Base\object.cpp">
      <Filter>base</Filter>
    </ClCompile>
    <ClCompile Include="Property\PropertyValue.cpp">
      <Filter>property</Filter>
    </ClCompile>
    <ClCompile Include="Base\utils.cpp">
      <Filter>base</Filter>
    </ClCompile>
    <ClCompile Include="Layout\LayoutObject.cpp">
      <Filter>layout</Filter>
    </ClCompile>
    <ClCompile Include="Render\RenderObject.cpp">
      <Filter>render</Filter>
    </ClCompile>
    <ClCompile Include="Property\PropertyObject.cpp">
      <Filter>property</Filter>
    </ClCompile>
    <ClCompile Include="Framework\Application.cpp">
      <Filter>framework</Filter>
    </ClCompile>
    <ClCompile Include="Property\UIWindow.cpp">
      <Filter>property</Filter>
    </ClCompile>
    <ClCompile Include="Property\PropertySize.cpp">
      <Filter>property</Filter>
    </ClCompile>
    <ClCompile Include="Render\RenderManager.cpp">
      <Filter>render</Filter>
    </ClCompile>
    <ClCompile Include="Render\RenderWindow.cpp">
      <Filter>render</Filter>
    </ClCompile>
    <ClCompile Include="Layout\LayoutManager.cpp">
      <Filter>layout</Filter>
    </ClCompile>
    <ClCompile Include="Property\UIObject.cpp">
      <Filter>property</Filter>
    </ClCompile>
    <ClCompile Include="Layout\LayoutContainer.cpp">
      <Filter>layout</Filter>
    </ClCompile>
    <ClCompile Include="Render\RenderEngine.cpp">
      <Filter>render</Filter>
    </ClCompile>
    <ClCompile Include="Render\RenderEngineD2D.cpp">
      <Filter>render\d2d</Filter>
    </ClCompile>
    <ClCompile Include="Render\RenderContextD2D.cpp">
      <Filter>render\d2d</Filter>
    </ClCompile>
    <ClCompile Include="Render\RenderContext.cpp">
      <Filter>render</Filter>
    </ClCompile>
    <ClCompile Include="Render\RenderRectangle.cpp">
      <Filter>render</Filter>
    </ClCompile>
    <ClCompile Include="Render\RenderD2DUtils.cpp">
      <Filter>render\d2d</Filter>
    </ClCompile>
    <ClCompile Include="Layout\RelativeLayoutChild.cpp">
      <Filter>layout</Filter>
    </ClCompile>
    <ClCompile Include="Layout\RelativeLayoutContainer.cpp">
      <Filter>layout</Filter>
    </ClCompile>
    <ClCompile Include="Render\RenderObjectD2D.cpp">
      <Filter>render\d2d</Filter>
    </ClCompile>
    <ClCompile Include="Render\RenderRectangleD2D.cpp">
      <Filter>render\d2d</Filter>
    </ClCompile>
    <ClCompile Include="Render\RenderPath.cpp">
      <Filter>render</Filter>
    </ClCompile>
    <ClCompile Include="Property\UIPrototype.cpp">
      <Filter>property</Filter>
    </ClCompile>
    <ClCompile Include="Property\PropertyLengthValue.cpp">
      <Filter>property</Filter>
    </ClCompile>
    <ClCompile Include="Layout\LayoutChild.cpp">
      <Filter>layout</Filter>
    </ClCompile>
  </ItemGroup>
</Project>